{
  "requires": true,
  "lockfileVersion": 1,
  "dependencies": {
    "sweetalert2": {
      "version": "11.1.6",
      "resolved": "https://registry.npmjs.org/sweetalert2/-/sweetalert2-11.1.6.tgz",
      "integrity": "sha512-hPhdzelwZ+TeFdb6Wuq3BX8MMy09YeHFkC9tXPVmZFPInJ7TWt7FSkd9k0A5MdeNigjhH8fwvT0dsy0ZyibR4A=="
    }
  }
}
